
Microsoft Visual Studio Solution File, Format Version 12.00
# Visual Studio Version 17
VisualStudioVersion = 17.5.33414.496
MinimumVisualStudioVersion = 10.0.40219.1
Project("{888888A0-9F3D-457C-B088-3A5042F75D52}") = "Turtle", "Turtle\Turtle.pyproj", "{DE2030F8-A55E-47CF-B949-30A20A344D52}"
EndProject
Global
	GlobalSection(SolutionConfigurationPlatforms) = preSolution
		Debug|Any CPU = Debug|Any CPU
		Release|Any CPU = Release|Any CPU
	EndGlobalSection
	GlobalSection(ProjectConfigurationPlatforms) = postSolution
		{DE2030F8-A55E-47CF-B949-30A20A344D52}.Debug|Any CPU.ActiveCfg = Debug|Any CPU
		{DE2030F8-A55E-47CF-B949-30A20A344D52}.Release|Any CPU.ActiveCfg = Release|Any CPU
	EndGlobalSection
	GlobalSection(SolutionProperties) = preSolution
		HideSolutionNode = FALSE
	EndGlobalSection
	GlobalSection(ExtensibilityGlobals) = postSolution
		SolutionGuid = {C7C0367E-A3E9-4A03-BEBA-9E46DF0C8F29}
	EndGlobalSection
EndGlobal
